
Microsoft Visual Studio Solution File, Format Version 12.00
# Visual Studio Express 2013 for Windows Desktop
VisualStudioVersion = 12.0.30501.0
MinimumVisualStudioVersion = 10.0.40219.1
Project("{FAE04EC0-301F-11D3-BF4B-00C04F79EFBC}") = "01-Interest-Calculator", "01-Interest-Calculator\01-Interest-Calculator.csproj", "{846D1762-089B-49C1-8E2E-2719AF037FCB}"
EndProject
Project("{FAE04EC0-301F-11D3-BF4B-00C04F79EFBC}") = "02-Asynchronous-Timer", "02-Asynchronous-Timer\02-Asynchronous-Timer.csproj", "{00E9F6B1-C943-4DF5-9520-2FED522D91D3}"
EndProject
Project("{FAE04EC0-301F-11D3-BF4B-00C04F79EFBC}") = "03-StudentClass", "03-StudentClass\03-StudentClass.csproj", "{DDB2EEA0-28FD-4CA4-9EF5-2230F0FBABBE}"
EndProject
Global
	GlobalSection(SolutionConfigurationPlatforms) = preSolution
		Debug|Any CPU = Debug|Any CPU
		Release|Any CPU = Release|Any CPU
	EndGlobalSection
	GlobalSection(ProjectConfigurationPlatforms) = postSolution
		{846D1762-089B-49C1-8E2E-2719AF037FCB}.Debug|Any CPU.ActiveCfg = Debug|Any CPU
		{846D1762-089B-49C1-8E2E-2719AF037FCB}.Debug|Any CPU.Build.0 = Debug|Any CPU
		{846D1762-089B-49C1-8E2E-2719AF037FCB}.Release|Any CPU.ActiveCfg = Release|Any CPU
		{846D1762-089B-49C1-8E2E-2719AF037FCB}.Release|Any CPU.Build.0 = Release|Any CPU
		{00E9F6B1-C943-4DF5-9520-2FED522D91D3}.Debug|Any CPU.ActiveCfg = Debug|Any CPU
		{00E9F6B1-C943-4DF5-9520-2FED522D91D3}.Debug|Any CPU.Build.0 = Debug|Any CPU
		{00E9F6B1-C943-4DF5-9520-2FED522D91D3}.Release|Any CPU.ActiveCfg = Release|Any CPU
		{00E9F6B1-C943-4DF5-9520-2FED522D91D3}.Release|Any CPU.Build.0 = Release|Any CPU
		{DDB2EEA0-28FD-4CA4-9EF5-2230F0FBABBE}.Debug|Any CPU.ActiveCfg = Debug|Any CPU
		{DDB2EEA0-28FD-4CA4-9EF5-2230F0FBABBE}.Debug|Any CPU.Build.0 = Debug|Any CPU
		{DDB2EEA0-28FD-4CA4-9EF5-2230F0FBABBE}.Release|Any CPU.ActiveCfg = Release|Any CPU
		{DDB2EEA0-28FD-4CA4-9EF5-2230F0FBABBE}.Release|Any CPU.Build.0 = Release|Any CPU
	EndGlobalSection
	GlobalSection(SolutionProperties) = preSolution
		HideSolutionNode = FALSE
	EndGlobalSection
EndGlobal
