
Microsoft Visual Studio Solution File, Format Version 12.00
# Visual Studio Express 2013 for Windows Desktop
VisualStudioVersion = 12.0.30501.0
MinimumVisualStudioVersion = 10.0.40219.1
Project("{FAE04EC0-301F-11D3-BF4B-00C04F79EFBC}") = "Geometry", "Geometry\Geometry.csproj", "{E14B8DEB-FEF5-454F-A6C4-826CA43160A2}"
EndProject
Project("{FAE04EC0-301F-11D3-BF4B-00C04F79EFBC}") = "05-BitArray", "05-BitArray\05-BitArray.csproj", "{718DE37A-960A-4F3D-AE52-F9A96769D328}"
EndProject
Project("{FAE04EC0-301F-11D3-BF4B-00C04F79EFBC}") = "01-02-03-Point3D-Distance-Calculator-Paths", "01-02-03-Point3D-Distance-Calculator-Paths\01-02-03-Point3D-Distance-Calculator-Paths.csproj", "{6B15268B-25D2-4C6C-887E-99D12A3EB5A8}"
EndProject
Global
	GlobalSection(SolutionConfigurationPlatforms) = preSolution
		Debug|Any CPU = Debug|Any CPU
		Release|Any CPU = Release|Any CPU
	EndGlobalSection
	GlobalSection(ProjectConfigurationPlatforms) = postSolution
		{E14B8DEB-FEF5-454F-A6C4-826CA43160A2}.Debug|Any CPU.ActiveCfg = Debug|Any CPU
		{E14B8DEB-FEF5-454F-A6C4-826CA43160A2}.Debug|Any CPU.Build.0 = Debug|Any CPU
		{E14B8DEB-FEF5-454F-A6C4-826CA43160A2}.Release|Any CPU.ActiveCfg = Release|Any CPU
		{E14B8DEB-FEF5-454F-A6C4-826CA43160A2}.Release|Any CPU.Build.0 = Release|Any CPU
		{718DE37A-960A-4F3D-AE52-F9A96769D328}.Debug|Any CPU.ActiveCfg = Debug|Any CPU
		{718DE37A-960A-4F3D-AE52-F9A96769D328}.Debug|Any CPU.Build.0 = Debug|Any CPU
		{718DE37A-960A-4F3D-AE52-F9A96769D328}.Release|Any CPU.ActiveCfg = Release|Any CPU
		{718DE37A-960A-4F3D-AE52-F9A96769D328}.Release|Any CPU.Build.0 = Release|Any CPU
		{6B15268B-25D2-4C6C-887E-99D12A3EB5A8}.Debug|Any CPU.ActiveCfg = Debug|Any CPU
		{6B15268B-25D2-4C6C-887E-99D12A3EB5A8}.Debug|Any CPU.Build.0 = Debug|Any CPU
		{6B15268B-25D2-4C6C-887E-99D12A3EB5A8}.Release|Any CPU.ActiveCfg = Release|Any CPU
		{6B15268B-25D2-4C6C-887E-99D12A3EB5A8}.Release|Any CPU.Build.0 = Release|Any CPU
	EndGlobalSection
	GlobalSection(SolutionProperties) = preSolution
		HideSolutionNode = FALSE
	EndGlobalSection
EndGlobal
